
Microsoft Visual Studio Solution File, Format Version 12.00
# Visual Studio Version 17
VisualStudioVersion = 17.11.35222.181
MinimumVisualStudioVersion = 10.0.40219.1
Project("{FAE04EC0-301F-11D3-BF4B-00C04F79EFBC}") = "DateTimeSubAssignment", "DateTimeSubAssignment\DateTimeSubAssignment.csproj", "{BAF59C1D-0912-4236-866B-B0816B5979F7}"
EndProject
Global
	GlobalSection(SolutionConfigurationPlatforms) = preSolution
		Debug|Any CPU = Debug|Any CPU
		Release|Any CPU = Release|Any CPU
	EndGlobalSection
	GlobalSection(ProjectConfigurationPlatforms) = postSolution
		{BAF59C1D-0912-4236-866B-B0816B5979F7}.Debug|Any CPU.ActiveCfg = Debug|Any CPU
		{BAF59C1D-0912-4236-866B-B0816B5979F7}.Debug|Any CPU.Build.0 = Debug|Any CPU
		{BAF59C1D-0912-4236-866B-B0816B5979F7}.Release|Any CPU.ActiveCfg = Release|Any CPU
		{BAF59C1D-0912-4236-866B-B0816B5979F7}.Release|Any CPU.Build.0 = Release|Any CPU
	EndGlobalSection
	GlobalSection(SolutionProperties) = preSolution
		HideSolutionNode = FALSE
	EndGlobalSection
	GlobalSection(ExtensibilityGlobals) = postSolution
		SolutionGuid = {D0908744-6D23-4079-A6DD-4F92220A46F5}
	EndGlobalSection
EndGlobal
