
Microsoft Visual Studio Solution File, Format Version 12.00
# Visual Studio Version 17
VisualStudioVersion = 17.11.35222.181
MinimumVisualStudioVersion = 10.0.40219.1
Project("{FAE04EC0-301F-11D3-BF4B-00C04F79EFBC}") = "TryCatchAssignment", "TryCatchAssignment\TryCatchAssignment.csproj", "{F6693647-CBAC-47A3-95C9-AFE1C81CA51D}"
EndProject
Global
	GlobalSection(SolutionConfigurationPlatforms) = preSolution
		Debug|Any CPU = Debug|Any CPU
		Release|Any CPU = Release|Any CPU
	EndGlobalSection
	GlobalSection(ProjectConfigurationPlatforms) = postSolution
		{F6693647-CBAC-47A3-95C9-AFE1C81CA51D}.Debug|Any CPU.ActiveCfg = Debug|Any CPU
		{F6693647-CBAC-47A3-95C9-AFE1C81CA51D}.Debug|Any CPU.Build.0 = Debug|Any CPU
		{F6693647-CBAC-47A3-95C9-AFE1C81CA51D}.Release|Any CPU.ActiveCfg = Release|Any CPU
		{F6693647-CBAC-47A3-95C9-AFE1C81CA51D}.Release|Any CPU.Build.0 = Release|Any CPU
	EndGlobalSection
	GlobalSection(SolutionProperties) = preSolution
		HideSolutionNode = FALSE
	EndGlobalSection
	GlobalSection(ExtensibilityGlobals) = postSolution
		SolutionGuid = {E20A5153-A74D-417A-9CEC-967428F4649C}
	EndGlobalSection
EndGlobal
