
Microsoft Visual Studio Solution File, Format Version 12.00
# Visual Studio Version 17
VisualStudioVersion = 17.11.35222.181
MinimumVisualStudioVersion = 10.0.40219.1
Project("{FAE04EC0-301F-11D3-BF4B-00C04F79EFBC}") = "AbstractSubAssignment", "AbstractSubAssignment\AbstractSubAssignment.csproj", "{3DC1E18F-E1DE-417C-B2C1-007E14E22FF7}"
EndProject
Global
	GlobalSection(SolutionConfigurationPlatforms) = preSolution
		Debug|Any CPU = Debug|Any CPU
		Release|Any CPU = Release|Any CPU
	EndGlobalSection
	GlobalSection(ProjectConfigurationPlatforms) = postSolution
		{3DC1E18F-E1DE-417C-B2C1-007E14E22FF7}.Debug|Any CPU.ActiveCfg = Debug|Any CPU
		{3DC1E18F-E1DE-417C-B2C1-007E14E22FF7}.Debug|Any CPU.Build.0 = Debug|Any CPU
		{3DC1E18F-E1DE-417C-B2C1-007E14E22FF7}.Release|Any CPU.ActiveCfg = Release|Any CPU
		{3DC1E18F-E1DE-417C-B2C1-007E14E22FF7}.Release|Any CPU.Build.0 = Release|Any CPU
	EndGlobalSection
	GlobalSection(SolutionProperties) = preSolution
		HideSolutionNode = FALSE
	EndGlobalSection
	GlobalSection(ExtensibilityGlobals) = postSolution
		SolutionGuid = {A2218614-8877-437F-AE5B-2F34FCD196C3}
	EndGlobalSection
EndGlobal
