
Microsoft Visual Studio Solution File, Format Version 12.00
# Visual Studio Version 17
VisualStudioVersion = 17.11.35222.181
MinimumVisualStudioVersion = 10.0.40219.1
Project("{FAE04EC0-301F-11D3-BF4B-00C04F79EFBC}") = "MethodClassNew", "MethodClassNew\MethodClassNew.csproj", "{16C1CB37-A014-4369-A5C0-F8D8D21AD292}"
EndProject
Global
	GlobalSection(SolutionConfigurationPlatforms) = preSolution
		Debug|Any CPU = Debug|Any CPU
		Release|Any CPU = Release|Any CPU
	EndGlobalSection
	GlobalSection(ProjectConfigurationPlatforms) = postSolution
		{16C1CB37-A014-4369-A5C0-F8D8D21AD292}.Debug|Any CPU.ActiveCfg = Debug|Any CPU
		{16C1CB37-A014-4369-A5C0-F8D8D21AD292}.Debug|Any CPU.Build.0 = Debug|Any CPU
		{16C1CB37-A014-4369-A5C0-F8D8D21AD292}.Release|Any CPU.ActiveCfg = Release|Any CPU
		{16C1CB37-A014-4369-A5C0-F8D8D21AD292}.Release|Any CPU.Build.0 = Release|Any CPU
	EndGlobalSection
	GlobalSection(SolutionProperties) = preSolution
		HideSolutionNode = FALSE
	EndGlobalSection
	GlobalSection(ExtensibilityGlobals) = postSolution
		SolutionGuid = {FC0B0866-CD9A-4E1B-B308-110DFA08BBA1}
	EndGlobalSection
EndGlobal
