
Microsoft Visual Studio Solution File, Format Version 12.00
# Visual Studio Version 17
VisualStudioVersion = 17.11.35222.181
MinimumVisualStudioVersion = 10.0.40219.1
Project("{FAE04EC0-301F-11D3-BF4B-00C04F79EFBC}") = "MethodClass", "MethodClass\MethodClass.csproj", "{DD333269-A012-4AD7-96A9-D72B946367BA}"
EndProject
Global
	GlobalSection(SolutionConfigurationPlatforms) = preSolution
		Debug|Any CPU = Debug|Any CPU
		Release|Any CPU = Release|Any CPU
	EndGlobalSection
	GlobalSection(ProjectConfigurationPlatforms) = postSolution
		{DD333269-A012-4AD7-96A9-D72B946367BA}.Debug|Any CPU.ActiveCfg = Debug|Any CPU
		{DD333269-A012-4AD7-96A9-D72B946367BA}.Debug|Any CPU.Build.0 = Debug|Any CPU
		{DD333269-A012-4AD7-96A9-D72B946367BA}.Release|Any CPU.ActiveCfg = Release|Any CPU
		{DD333269-A012-4AD7-96A9-D72B946367BA}.Release|Any CPU.Build.0 = Release|Any CPU
	EndGlobalSection
	GlobalSection(SolutionProperties) = preSolution
		HideSolutionNode = FALSE
	EndGlobalSection
	GlobalSection(ExtensibilityGlobals) = postSolution
		SolutionGuid = {C923697F-7A5B-4AE4-83CD-E5C78A8C1140}
	EndGlobalSection
EndGlobal
